
Microsoft Visual Studio Solution File, Format Version 12.00
# Visual Studio Version 17
VisualStudioVersion = 17.1.32210.238
MinimumVisualStudioVersion = 10.0.40219.1
Project("{8BC9CEB8-8B4A-11D0-8D11-00A0C91BC942}") = "90-01-b1", "90-01-b1\90-01-b1.vcxproj", "{9699BC08-56C8-4BAB-B148-8D2ED158D100}"
	ProjectSection(ProjectDependencies) = postProject
		{618CD706-1B69-4F02-8B1B-7011E17DC9E0} = {618CD706-1B69-4F02-8B1B-7011E17DC9E0}
		{9CDF1BB9-7135-4A32-AB88-0638DB7FB863} = {9CDF1BB9-7135-4A32-AB88-0638DB7FB863}
	EndProjectSection
EndProject
Project("{8BC9CEB8-8B4A-11D0-8D11-00A0C91BC942}") = "90-01-b2", "90-01-b2\90-01-b2.vcxproj", "{194EBE41-652F-465C-B2E8-97C9F774247B}"
	ProjectSection(ProjectDependencies) = postProject
		{618CD706-1B69-4F02-8B1B-7011E17DC9E0} = {618CD706-1B69-4F02-8B1B-7011E17DC9E0}
	EndProjectSection
EndProject
Project("{8BC9CEB8-8B4A-11D0-8D11-00A0C91BC942}") = "90-02-b1", "90-02-b1\90-02-b1.vcxproj", "{51E998EE-60C7-4641-8FE4-4DF89D223824}"
	ProjectSection(ProjectDependencies) = postProject
		{618CD706-1B69-4F02-8B1B-7011E17DC9E0} = {618CD706-1B69-4F02-8B1B-7011E17DC9E0}
	EndProjectSection
EndProject
Project("{8BC9CEB8-8B4A-11D0-8D11-00A0C91BC942}") = "common", "common\common.vcxproj", "{9CDF1BB9-7135-4A32-AB88-0638DB7FB863}"
EndProject
Project("{8BC9CEB8-8B4A-11D0-8D11-00A0C91BC942}") = "include", "include\include.vcxproj", "{618CD706-1B69-4F02-8B1B-7011E17DC9E0}"
EndProject
Project("{8BC9CEB8-8B4A-11D0-8D11-00A0C91BC942}") = "90-01-b2-gmw", "90-01-b2-gmw\90-01-b2-gmw.vcxproj", "{96EE803F-EA95-43B6-9892-8387F499231A}"
EndProject
Project("{8BC9CEB8-8B4A-11D0-8D11-00A0C91BC942}") = "90-02-b1-gmw", "90-02-b1-gmw\90-02-b1-gmw.vcxproj", "{52F35CAF-6C27-4156-8414-C480FC4EBE2D}"
EndProject
Project("{8BC9CEB8-8B4A-11D0-8D11-00A0C91BC942}") = "test-cct", "test-cct\test-cct.vcxproj", "{A9253607-3B29-476E-A94E-968E303031BD}"
EndProject
Project("{8BC9CEB8-8B4A-11D0-8D11-00A0C91BC942}") = "test-gmw", "test-gmw\test-gmw.vcxproj", "{83DF1319-C848-481B-BF84-2434CBAB8119}"
EndProject
Project("{8BC9CEB8-8B4A-11D0-8D11-00A0C91BC942}") = "90-02-b2", "90-02-b2\90-02-b2.vcxproj", "{FDC02746-EF54-4F79-9916-7E8A1980FB7A}"
EndProject
Project("{8BC9CEB8-8B4A-11D0-8D11-00A0C91BC942}") = "my_convert", "my_convert\my_convert.vcxproj", "{3426E4E5-E21F-4C6F-94F4-EFB0BD145816}"
EndProject
Project("{8BC9CEB8-8B4A-11D0-8D11-00A0C91BC942}") = "my_ping", "my_ping\my_ping.vcxproj", "{4343419B-8378-45C8-B45B-6060350BF7DC}"
EndProject
Project("{8BC9CEB8-8B4A-11D0-8D11-00A0C91BC942}") = "test_args_analyse_tools", "test_args_analyse_tools\test_args_analyse_tools.vcxproj", "{1A500485-301E-41F3-A978-FA054AE1A483}"
EndProject
Project("{8BC9CEB8-8B4A-11D0-8D11-00A0C91BC942}") = "15-b8-bmp", "15-b8-bmp\15-b8-bmp.vcxproj", "{56C1E034-BE33-43EA-962E-B5220D6D9064}"
EndProject
Project("{8BC9CEB8-8B4A-11D0-8D11-00A0C91BC942}") = "test_readcfg", "test_readcfg\test_readcfg.vcxproj", "{22A56A8F-78EF-4849-9EBF-4B0083C4702C}"
EndProject
Project("{8BC9CEB8-8B4A-11D0-8D11-00A0C91BC942}") = "hw_check", "hw_check\hw_check.vcxproj", "{047D0FE5-9D3D-4FC8-8C75-823389F967D6}"
EndProject
Project("{8BC9CEB8-8B4A-11D0-8D11-00A0C91BC942}") = "test_mariadb", "test_mariadb\test_mariadb.vcxproj", "{55E4E25F-95C3-4D12-98D8-3807C3790409}"
EndProject
Global
	GlobalSection(SolutionConfigurationPlatforms) = preSolution
		Debug|x64 = Debug|x64
		Debug|x86 = Debug|x86
		Release|x64 = Release|x64
		Release|x86 = Release|x86
	EndGlobalSection
	GlobalSection(ProjectConfigurationPlatforms) = postSolution
		{9699BC08-56C8-4BAB-B148-8D2ED158D100}.Debug|x64.ActiveCfg = Debug|x64
		{9699BC08-56C8-4BAB-B148-8D2ED158D100}.Debug|x64.Build.0 = Debug|x64
		{9699BC08-56C8-4BAB-B148-8D2ED158D100}.Debug|x86.ActiveCfg = Debug|Win32
		{9699BC08-56C8-4BAB-B148-8D2ED158D100}.Debug|x86.Build.0 = Debug|Win32
		{9699BC08-56C8-4BAB-B148-8D2ED158D100}.Release|x64.ActiveCfg = Release|x64
		{9699BC08-56C8-4BAB-B148-8D2ED158D100}.Release|x64.Build.0 = Release|x64
		{9699BC08-56C8-4BAB-B148-8D2ED158D100}.Release|x86.ActiveCfg = Release|Win32
		{9699BC08-56C8-4BAB-B148-8D2ED158D100}.Release|x86.Build.0 = Release|Win32
		{194EBE41-652F-465C-B2E8-97C9F774247B}.Debug|x64.ActiveCfg = Debug|x64
		{194EBE41-652F-465C-B2E8-97C9F774247B}.Debug|x64.Build.0 = Debug|x64
		{194EBE41-652F-465C-B2E8-97C9F774247B}.Debug|x86.ActiveCfg = Debug|Win32
		{194EBE41-652F-465C-B2E8-97C9F774247B}.Debug|x86.Build.0 = Debug|Win32
		{194EBE41-652F-465C-B2E8-97C9F774247B}.Release|x64.ActiveCfg = Release|x64
		{194EBE41-652F-465C-B2E8-97C9F774247B}.Release|x64.Build.0 = Release|x64
		{194EBE41-652F-465C-B2E8-97C9F774247B}.Release|x86.ActiveCfg = Release|Win32
		{194EBE41-652F-465C-B2E8-97C9F774247B}.Release|x86.Build.0 = Release|Win32
		{51E998EE-60C7-4641-8FE4-4DF89D223824}.Debug|x64.ActiveCfg = Debug|x64
		{51E998EE-60C7-4641-8FE4-4DF89D223824}.Debug|x64.Build.0 = Debug|x64
		{51E998EE-60C7-4641-8FE4-4DF89D223824}.Debug|x86.ActiveCfg = Debug|Win32
		{51E998EE-60C7-4641-8FE4-4DF89D223824}.Debug|x86.Build.0 = Debug|Win32
		{51E998EE-60C7-4641-8FE4-4DF89D223824}.Release|x64.ActiveCfg = Release|x64
		{51E998EE-60C7-4641-8FE4-4DF89D223824}.Release|x64.Build.0 = Release|x64
		{51E998EE-60C7-4641-8FE4-4DF89D223824}.Release|x86.ActiveCfg = Release|Win32
		{51E998EE-60C7-4641-8FE4-4DF89D223824}.Release|x86.Build.0 = Release|Win32
		{9CDF1BB9-7135-4A32-AB88-0638DB7FB863}.Debug|x64.ActiveCfg = Debug|x64
		{9CDF1BB9-7135-4A32-AB88-0638DB7FB863}.Debug|x64.Build.0 = Debug|x64
		{9CDF1BB9-7135-4A32-AB88-0638DB7FB863}.Debug|x86.ActiveCfg = Debug|Win32
		{9CDF1BB9-7135-4A32-AB88-0638DB7FB863}.Release|x64.ActiveCfg = Release|x64
		{9CDF1BB9-7135-4A32-AB88-0638DB7FB863}.Release|x64.Build.0 = Release|x64
		{9CDF1BB9-7135-4A32-AB88-0638DB7FB863}.Release|x86.ActiveCfg = Release|Win32
		{9CDF1BB9-7135-4A32-AB88-0638DB7FB863}.Release|x86.Build.0 = Release|Win32
		{618CD706-1B69-4F02-8B1B-7011E17DC9E0}.Debug|x64.ActiveCfg = Debug|x64
		{618CD706-1B69-4F02-8B1B-7011E17DC9E0}.Debug|x64.Build.0 = Debug|x64
		{618CD706-1B69-4F02-8B1B-7011E17DC9E0}.Debug|x86.ActiveCfg = Debug|Win32
		{618CD706-1B69-4F02-8B1B-7011E17DC9E0}.Release|x64.ActiveCfg = Release|x64
		{618CD706-1B69-4F02-8B1B-7011E17DC9E0}.Release|x64.Build.0 = Release|x64
		{618CD706-1B69-4F02-8B1B-7011E17DC9E0}.Release|x86.ActiveCfg = Release|Win32
		{618CD706-1B69-4F02-8B1B-7011E17DC9E0}.Release|x86.Build.0 = Release|Win32
		{96EE803F-EA95-43B6-9892-8387F499231A}.Debug|x64.ActiveCfg = Debug|x64
		{96EE803F-EA95-43B6-9892-8387F499231A}.Debug|x64.Build.0 = Debug|x64
		{96EE803F-EA95-43B6-9892-8387F499231A}.Debug|x86.ActiveCfg = Debug|Win32
		{96EE803F-EA95-43B6-9892-8387F499231A}.Debug|x86.Build.0 = Debug|Win32
		{96EE803F-EA95-43B6-9892-8387F499231A}.Release|x64.ActiveCfg = Release|x64
		{96EE803F-EA95-43B6-9892-8387F499231A}.Release|x64.Build.0 = Release|x64
		{96EE803F-EA95-43B6-9892-8387F499231A}.Release|x86.ActiveCfg = Release|Win32
		{96EE803F-EA95-43B6-9892-8387F499231A}.Release|x86.Build.0 = Release|Win32
		{52F35CAF-6C27-4156-8414-C480FC4EBE2D}.Debug|x64.ActiveCfg = Debug|x64
		{52F35CAF-6C27-4156-8414-C480FC4EBE2D}.Debug|x64.Build.0 = Debug|x64
		{52F35CAF-6C27-4156-8414-C480FC4EBE2D}.Debug|x86.ActiveCfg = Debug|Win32
		{52F35CAF-6C27-4156-8414-C480FC4EBE2D}.Debug|x86.Build.0 = Debug|Win32
		{52F35CAF-6C27-4156-8414-C480FC4EBE2D}.Release|x64.ActiveCfg = Release|x64
		{52F35CAF-6C27-4156-8414-C480FC4EBE2D}.Release|x64.Build.0 = Release|x64
		{52F35CAF-6C27-4156-8414-C480FC4EBE2D}.Release|x86.ActiveCfg = Release|Win32
		{52F35CAF-6C27-4156-8414-C480FC4EBE2D}.Release|x86.Build.0 = Release|Win32
		{A9253607-3B29-476E-A94E-968E303031BD}.Debug|x64.ActiveCfg = Debug|x64
		{A9253607-3B29-476E-A94E-968E303031BD}.Debug|x64.Build.0 = Debug|x64
		{A9253607-3B29-476E-A94E-968E303031BD}.Debug|x86.ActiveCfg = Debug|Win32
		{A9253607-3B29-476E-A94E-968E303031BD}.Debug|x86.Build.0 = Debug|Win32
		{A9253607-3B29-476E-A94E-968E303031BD}.Release|x64.ActiveCfg = Release|x64
		{A9253607-3B29-476E-A94E-968E303031BD}.Release|x64.Build.0 = Release|x64
		{A9253607-3B29-476E-A94E-968E303031BD}.Release|x86.ActiveCfg = Release|Win32
		{A9253607-3B29-476E-A94E-968E303031BD}.Release|x86.Build.0 = Release|Win32
		{83DF1319-C848-481B-BF84-2434CBAB8119}.Debug|x64.ActiveCfg = Debug|x64
		{83DF1319-C848-481B-BF84-2434CBAB8119}.Debug|x64.Build.0 = Debug|x64
		{83DF1319-C848-481B-BF84-2434CBAB8119}.Debug|x86.ActiveCfg = Debug|Win32
		{83DF1319-C848-481B-BF84-2434CBAB8119}.Debug|x86.Build.0 = Debug|Win32
		{83DF1319-C848-481B-BF84-2434CBAB8119}.Release|x64.ActiveCfg = Release|x64
		{83DF1319-C848-481B-BF84-2434CBAB8119}.Release|x64.Build.0 = Release|x64
		{83DF1319-C848-481B-BF84-2434CBAB8119}.Release|x86.ActiveCfg = Release|Win32
		{83DF1319-C848-481B-BF84-2434CBAB8119}.Release|x86.Build.0 = Release|Win32
		{FDC02746-EF54-4F79-9916-7E8A1980FB7A}.Debug|x64.ActiveCfg = Debug|x64
		{FDC02746-EF54-4F79-9916-7E8A1980FB7A}.Debug|x64.Build.0 = Debug|x64
		{FDC02746-EF54-4F79-9916-7E8A1980FB7A}.Debug|x86.ActiveCfg = Debug|Win32
		{FDC02746-EF54-4F79-9916-7E8A1980FB7A}.Debug|x86.Build.0 = Debug|Win32
		{FDC02746-EF54-4F79-9916-7E8A1980FB7A}.Release|x64.ActiveCfg = Release|x64
		{FDC02746-EF54-4F79-9916-7E8A1980FB7A}.Release|x64.Build.0 = Release|x64
		{FDC02746-EF54-4F79-9916-7E8A1980FB7A}.Release|x86.ActiveCfg = Release|Win32
		{FDC02746-EF54-4F79-9916-7E8A1980FB7A}.Release|x86.Build.0 = Release|Win32
		{3426E4E5-E21F-4C6F-94F4-EFB0BD145816}.Debug|x64.ActiveCfg = Debug|x64
		{3426E4E5-E21F-4C6F-94F4-EFB0BD145816}.Debug|x64.Build.0 = Debug|x64
		{3426E4E5-E21F-4C6F-94F4-EFB0BD145816}.Debug|x86.ActiveCfg = Debug|Win32
		{3426E4E5-E21F-4C6F-94F4-EFB0BD145816}.Debug|x86.Build.0 = Debug|Win32
		{3426E4E5-E21F-4C6F-94F4-EFB0BD145816}.Release|x64.ActiveCfg = Release|x64
		{3426E4E5-E21F-4C6F-94F4-EFB0BD145816}.Release|x64.Build.0 = Release|x64
		{3426E4E5-E21F-4C6F-94F4-EFB0BD145816}.Release|x86.ActiveCfg = Release|Win32
		{3426E4E5-E21F-4C6F-94F4-EFB0BD145816}.Release|x86.Build.0 = Release|Win32
		{4343419B-8378-45C8-B45B-6060350BF7DC}.Debug|x64.ActiveCfg = Debug|x64
		{4343419B-8378-45C8-B45B-6060350BF7DC}.Debug|x64.Build.0 = Debug|x64
		{4343419B-8378-45C8-B45B-6060350BF7DC}.Debug|x86.ActiveCfg = Debug|Win32
		{4343419B-8378-45C8-B45B-6060350BF7DC}.Debug|x86.Build.0 = Debug|Win32
		{4343419B-8378-45C8-B45B-6060350BF7DC}.Release|x64.ActiveCfg = Release|x64
		{4343419B-8378-45C8-B45B-6060350BF7DC}.Release|x64.Build.0 = Release|x64
		{4343419B-8378-45C8-B45B-6060350BF7DC}.Release|x86.ActiveCfg = Release|Win32
		{4343419B-8378-45C8-B45B-6060350BF7DC}.Release|x86.Build.0 = Release|Win32
		{1A500485-301E-41F3-A978-FA054AE1A483}.Debug|x64.ActiveCfg = Debug|x64
		{1A500485-301E-41F3-A978-FA054AE1A483}.Debug|x64.Build.0 = Debug|x64
		{1A500485-301E-41F3-A978-FA054AE1A483}.Debug|x86.ActiveCfg = Debug|Win32
		{1A500485-301E-41F3-A978-FA054AE1A483}.Debug|x86.Build.0 = Debug|Win32
		{1A500485-301E-41F3-A978-FA054AE1A483}.Release|x64.ActiveCfg = Release|x64
		{1A500485-301E-41F3-A978-FA054AE1A483}.Release|x64.Build.0 = Release|x64
		{1A500485-301E-41F3-A978-FA054AE1A483}.Release|x86.ActiveCfg = Release|Win32
		{1A500485-301E-41F3-A978-FA054AE1A483}.Release|x86.Build.0 = Release|Win32
		{56C1E034-BE33-43EA-962E-B5220D6D9064}.Debug|x64.ActiveCfg = Debug|x64
		{56C1E034-BE33-43EA-962E-B5220D6D9064}.Debug|x64.Build.0 = Debug|x64
		{56C1E034-BE33-43EA-962E-B5220D6D9064}.Debug|x86.ActiveCfg = Debug|Win32
		{56C1E034-BE33-43EA-962E-B5220D6D9064}.Debug|x86.Build.0 = Debug|Win32
		{56C1E034-BE33-43EA-962E-B5220D6D9064}.Release|x64.ActiveCfg = Release|x64
		{56C1E034-BE33-43EA-962E-B5220D6D9064}.Release|x64.Build.0 = Release|x64
		{56C1E034-BE33-43EA-962E-B5220D6D9064}.Release|x86.ActiveCfg = Release|Win32
		{56C1E034-BE33-43EA-962E-B5220D6D9064}.Release|x86.Build.0 = Release|Win32
		{22A56A8F-78EF-4849-9EBF-4B0083C4702C}.Debug|x64.ActiveCfg = Debug|x64
		{22A56A8F-78EF-4849-9EBF-4B0083C4702C}.Debug|x64.Build.0 = Debug|x64
		{22A56A8F-78EF-4849-9EBF-4B0083C4702C}.Debug|x86.ActiveCfg = Debug|Win32
		{22A56A8F-78EF-4849-9EBF-4B0083C4702C}.Debug|x86.Build.0 = Debug|Win32
		{22A56A8F-78EF-4849-9EBF-4B0083C4702C}.Release|x64.ActiveCfg = Release|x64
		{22A56A8F-78EF-4849-9EBF-4B0083C4702C}.Release|x64.Build.0 = Release|x64
		{22A56A8F-78EF-4849-9EBF-4B0083C4702C}.Release|x86.ActiveCfg = Release|Win32
		{22A56A8F-78EF-4849-9EBF-4B0083C4702C}.Release|x86.Build.0 = Release|Win32
		{047D0FE5-9D3D-4FC8-8C75-823389F967D6}.Debug|x64.ActiveCfg = Debug|x64
		{047D0FE5-9D3D-4FC8-8C75-823389F967D6}.Debug|x64.Build.0 = Debug|x64
		{047D0FE5-9D3D-4FC8-8C75-823389F967D6}.Debug|x86.ActiveCfg = Debug|Win32
		{047D0FE5-9D3D-4FC8-8C75-823389F967D6}.Debug|x86.Build.0 = Debug|Win32
		{047D0FE5-9D3D-4FC8-8C75-823389F967D6}.Release|x64.ActiveCfg = Release|x64
		{047D0FE5-9D3D-4FC8-8C75-823389F967D6}.Release|x64.Build.0 = Release|x64
		{047D0FE5-9D3D-4FC8-8C75-823389F967D6}.Release|x86.ActiveCfg = Release|Win32
		{047D0FE5-9D3D-4FC8-8C75-823389F967D6}.Release|x86.Build.0 = Release|Win32
		{55E4E25F-95C3-4D12-98D8-3807C3790409}.Debug|x64.ActiveCfg = Debug|x64
		{55E4E25F-95C3-4D12-98D8-3807C3790409}.Debug|x64.Build.0 = Debug|x64
		{55E4E25F-95C3-4D12-98D8-3807C3790409}.Debug|x86.ActiveCfg = Debug|Win32
		{55E4E25F-95C3-4D12-98D8-3807C3790409}.Debug|x86.Build.0 = Debug|Win32
		{55E4E25F-95C3-4D12-98D8-3807C3790409}.Release|x64.ActiveCfg = Release|x64
		{55E4E25F-95C3-4D12-98D8-3807C3790409}.Release|x64.Build.0 = Release|x64
		{55E4E25F-95C3-4D12-98D8-3807C3790409}.Release|x86.ActiveCfg = Release|Win32
		{55E4E25F-95C3-4D12-98D8-3807C3790409}.Release|x86.Build.0 = Release|Win32
	EndGlobalSection
	GlobalSection(SolutionProperties) = preSolution
		HideSolutionNode = FALSE
	EndGlobalSection
	GlobalSection(ExtensibilityGlobals) = postSolution
		SolutionGuid = {F1CEBC16-8D57-4B2D-BBB0-E616325FB321}
	EndGlobalSection
EndGlobal
